
Microsoft Visual Studio Solution File, Format Version 12.00
# Visual Studio Version 17
VisualStudioVersion = 17.7.34018.315
MinimumVisualStudioVersion = 10.0.40219.1
Project("{FAE04EC0-301F-11D3-BF4B-00C04F79EFBC}") = "ProyectoFinal", "ProyectoFinal\ProyectoFinal.csproj", "{E915811C-FFB0-4C79-B620-F158DB7128B6}"
EndProject
Global
	GlobalSection(SolutionConfigurationPlatforms) = preSolution
		Debug|Any CPU = Debug|Any CPU
		Release|Any CPU = Release|Any CPU
	EndGlobalSection
	GlobalSection(ProjectConfigurationPlatforms) = postSolution
		{E915811C-FFB0-4C79-B620-F158DB7128B6}.Debug|Any CPU.ActiveCfg = Debug|Any CPU
		{E915811C-FFB0-4C79-B620-F158DB7128B6}.Debug|Any CPU.Build.0 = Debug|Any CPU
		{E915811C-FFB0-4C79-B620-F158DB7128B6}.Release|Any CPU.ActiveCfg = Release|Any CPU
		{E915811C-FFB0-4C79-B620-F158DB7128B6}.Release|Any CPU.Build.0 = Release|Any CPU
	EndGlobalSection
	GlobalSection(SolutionProperties) = preSolution
		HideSolutionNode = FALSE
	EndGlobalSection
	GlobalSection(ExtensibilityGlobals) = postSolution
		SolutionGuid = {95C2DE59-E603-43FE-B13A-138B2FE0A7B1}
	EndGlobalSection
EndGlobal
